
Microsoft Visual Studio Solution File, Format Version 12.00
# Visual Studio 15
VisualStudioVersion = 15.0.27004.2005
MinimumVisualStudioVersion = 10.0.40219.1
Project("{FAE04EC0-301F-11D3-BF4B-00C04F79EFBC}") = "PixivWPF", "PixivWPF\PixivWPF.csproj", "{7D82D749-454A-4B22-AA71-FCB1C1215749}"
EndProject
Project("{FAE04EC0-301F-11D3-BF4B-00C04F79EFBC}") = "PixivUWP", "PixivUWP\PixivUWP.csproj", "{8E25D187-CD30-4D52-9F76-612DF82575E2}"
EndProject
Project("{9A19103F-16F7-4668-BE54-9A1E7A4F7556}") = "PixivAPI", "PixivAPI\PixivAPI.csproj", "{64A77199-1953-453A-9F5E-E387FB022B9D}"
EndProject
Project("{FAE04EC0-301F-11D3-BF4B-00C04F79EFBC}") = "TileBackground", "TileBackground\TileBackground.csproj", "{F3C2F113-B59D-42EE-B3C0-08646A8056E8}"
EndProject
Global
	GlobalSection(SolutionConfigurationPlatforms) = preSolution
		Debug|Any CPU = Debug|Any CPU
		Debug|ARM = Debug|ARM
		Debug|x64 = Debug|x64
		Debug|x86 = Debug|x86
		Release|Any CPU = Release|Any CPU
		Release|ARM = Release|ARM
		Release|x64 = Release|x64
		Release|x86 = Release|x86
	EndGlobalSection
	GlobalSection(ProjectConfigurationPlatforms) = postSolution
		{7D82D749-454A-4B22-AA71-FCB1C1215749}.Debug|Any CPU.ActiveCfg = Debug|Any CPU
		{7D82D749-454A-4B22-AA71-FCB1C1215749}.Debug|ARM.ActiveCfg = Debug|Any CPU
		{7D82D749-454A-4B22-AA71-FCB1C1215749}.Debug|ARM.Build.0 = Debug|Any CPU
		{7D82D749-454A-4B22-AA71-FCB1C1215749}.Debug|x64.ActiveCfg = Debug|Any CPU
		{7D82D749-454A-4B22-AA71-FCB1C1215749}.Debug|x64.Build.0 = Debug|Any CPU
		{7D82D749-454A-4B22-AA71-FCB1C1215749}.Debug|x86.ActiveCfg = Debug|Any CPU
		{7D82D749-454A-4B22-AA71-FCB1C1215749}.Debug|x86.Build.0 = Debug|Any CPU
		{7D82D749-454A-4B22-AA71-FCB1C1215749}.Release|Any CPU.ActiveCfg = Release|Any CPU
		{7D82D749-454A-4B22-AA71-FCB1C1215749}.Release|ARM.ActiveCfg = Release|Any CPU
		{7D82D749-454A-4B22-AA71-FCB1C1215749}.Release|ARM.Build.0 = Release|Any CPU
		{7D82D749-454A-4B22-AA71-FCB1C1215749}.Release|x64.ActiveCfg = Release|Any CPU
		{7D82D749-454A-4B22-AA71-FCB1C1215749}.Release|x64.Build.0 = Release|Any CPU
		{7D82D749-454A-4B22-AA71-FCB1C1215749}.Release|x86.ActiveCfg = Release|Any CPU
		{7D82D749-454A-4B22-AA71-FCB1C1215749}.Release|x86.Build.0 = Release|Any CPU
		{8E25D187-CD30-4D52-9F76-612DF82575E2}.Debug|Any CPU.ActiveCfg = Debug|x86
		{8E25D187-CD30-4D52-9F76-612DF82575E2}.Debug|Any CPU.Build.0 = Debug|x86
		{8E25D187-CD30-4D52-9F76-612DF82575E2}.Debug|Any CPU.Deploy.0 = Debug|x86
		{8E25D187-CD30-4D52-9F76-612DF82575E2}.Debug|ARM.ActiveCfg = Debug|ARM
		{8E25D187-CD30-4D52-9F76-612DF82575E2}.Debug|ARM.Build.0 = Debug|ARM
		{8E25D187-CD30-4D52-9F76-612DF82575E2}.Debug|ARM.Deploy.0 = Debug|ARM
		{8E25D187-CD30-4D52-9F76-612DF82575E2}.Debug|x64.ActiveCfg = Debug|x64
		{8E25D187-CD30-4D52-9F76-612DF82575E2}.Debug|x64.Build.0 = Debug|x64
		{8E25D187-CD30-4D52-9F76-612DF82575E2}.Debug|x64.Deploy.0 = Debug|x64
		{8E25D187-CD30-4D52-9F76-612DF82575E2}.Debug|x86.ActiveCfg = Debug|x86
		{8E25D187-CD30-4D52-9F76-612DF82575E2}.Debug|x86.Build.0 = Debug|x86
		{8E25D187-CD30-4D52-9F76-612DF82575E2}.Debug|x86.Deploy.0 = Debug|x86
		{8E25D187-CD30-4D52-9F76-612DF82575E2}.Release|Any CPU.ActiveCfg = Release|x86
		{8E25D187-CD30-4D52-9F76-612DF82575E2}.Release|Any CPU.Build.0 = Release|x86
		{8E25D187-CD30-4D52-9F76-612DF82575E2}.Release|Any CPU.Deploy.0 = Release|x86
		{8E25D187-CD30-4D52-9F76-612DF82575E2}.Release|ARM.ActiveCfg = Release|ARM
		{8E25D187-CD30-4D52-9F76-612DF82575E2}.Release|ARM.Build.0 = Release|ARM
		{8E25D187-CD30-4D52-9F76-612DF82575E2}.Release|ARM.Deploy.0 = Release|ARM
		{8E25D187-CD30-4D52-9F76-612DF82575E2}.Release|x64.ActiveCfg = Release|x64
		{8E25D187-CD30-4D52-9F76-612DF82575E2}.Release|x64.Build.0 = Release|x64
		{8E25D187-CD30-4D52-9F76-612DF82575E2}.Release|x64.Deploy.0 = Release|x64
		{8E25D187-CD30-4D52-9F76-612DF82575E2}.Release|x86.ActiveCfg = Release|x86
		{8E25D187-CD30-4D52-9F76-612DF82575E2}.Release|x86.Build.0 = Release|x86
		{8E25D187-CD30-4D52-9F76-612DF82575E2}.Release|x86.Deploy.0 = Release|x86
		{64A77199-1953-453A-9F5E-E387FB022B9D}.Debug|Any CPU.ActiveCfg = Debug|Any CPU
		{64A77199-1953-453A-9F5E-E387FB022B9D}.Debug|Any CPU.Build.0 = Debug|Any CPU
		{64A77199-1953-453A-9F5E-E387FB022B9D}.Debug|ARM.ActiveCfg = Debug|Any CPU
		{64A77199-1953-453A-9F5E-E387FB022B9D}.Debug|ARM.Build.0 = Debug|Any CPU
		{64A77199-1953-453A-9F5E-E387FB022B9D}.Debug|x64.ActiveCfg = Debug|Any CPU
		{64A77199-1953-453A-9F5E-E387FB022B9D}.Debug|x64.Build.0 = Debug|Any CPU
		{64A77199-1953-453A-9F5E-E387FB022B9D}.Debug|x86.ActiveCfg = Debug|Any CPU
		{64A77199-1953-453A-9F5E-E387FB022B9D}.Debug|x86.Build.0 = Debug|Any CPU
		{64A77199-1953-453A-9F5E-E387FB022B9D}.Release|Any CPU.ActiveCfg = Release|Any CPU
		{64A77199-1953-453A-9F5E-E387FB022B9D}.Release|Any CPU.Build.0 = Release|Any CPU
		{64A77199-1953-453A-9F5E-E387FB022B9D}.Release|ARM.ActiveCfg = Release|Any CPU
		{64A77199-1953-453A-9F5E-E387FB022B9D}.Release|ARM.Build.0 = Release|Any CPU
		{64A77199-1953-453A-9F5E-E387FB022B9D}.Release|x64.ActiveCfg = Release|Any CPU
		{64A77199-1953-453A-9F5E-E387FB022B9D}.Release|x64.Build.0 = Release|Any CPU
		{64A77199-1953-453A-9F5E-E387FB022B9D}.Release|x86.ActiveCfg = Release|Any CPU
		{64A77199-1953-453A-9F5E-E387FB022B9D}.Release|x86.Build.0 = Release|Any CPU
		{F3C2F113-B59D-42EE-B3C0-08646A8056E8}.Debug|Any CPU.ActiveCfg = Debug|Any CPU
		{F3C2F113-B59D-42EE-B3C0-08646A8056E8}.Debug|Any CPU.Build.0 = Debug|Any CPU
		{F3C2F113-B59D-42EE-B3C0-08646A8056E8}.Debug|ARM.ActiveCfg = Debug|ARM
		{F3C2F113-B59D-42EE-B3C0-08646A8056E8}.Debug|ARM.Build.0 = Debug|ARM
		{F3C2F113-B59D-42EE-B3C0-08646A8056E8}.Debug|x64.ActiveCfg = Debug|x64
		{F3C2F113-B59D-42EE-B3C0-08646A8056E8}.Debug|x64.Build.0 = Debug|x64
		{F3C2F113-B59D-42EE-B3C0-08646A8056E8}.Debug|x86.ActiveCfg = Debug|x86
		{F3C2F113-B59D-42EE-B3C0-08646A8056E8}.Debug|x86.Build.0 = Debug|x86
		{F3C2F113-B59D-42EE-B3C0-08646A8056E8}.Release|Any CPU.ActiveCfg = Release|Any CPU
		{F3C2F113-B59D-42EE-B3C0-08646A8056E8}.Release|Any CPU.Build.0 = Release|Any CPU
		{F3C2F113-B59D-42EE-B3C0-08646A8056E8}.Release|ARM.ActiveCfg = Release|ARM
		{F3C2F113-B59D-42EE-B3C0-08646A8056E8}.Release|ARM.Build.0 = Release|ARM
		{F3C2F113-B59D-42EE-B3C0-08646A8056E8}.Release|x64.ActiveCfg = Release|x64
		{F3C2F113-B59D-42EE-B3C0-08646A8056E8}.Release|x64.Build.0 = Release|x64
		{F3C2F113-B59D-42EE-B3C0-08646A8056E8}.Release|x86.ActiveCfg = Release|x86
		{F3C2F113-B59D-42EE-B3C0-08646A8056E8}.Release|x86.Build.0 = Release|x86
	EndGlobalSection
	GlobalSection(SolutionProperties) = preSolution
		HideSolutionNode = FALSE
	EndGlobalSection
	GlobalSection(ExtensibilityGlobals) = postSolution
		SolutionGuid = {0750CC9F-F658-49C9-9480-54DEF354F3D0}
	EndGlobalSection
EndGlobal
